
Microsoft Visual Studio Solution File, Format Version 12.00
# Visual Studio 15
VisualStudioVersion = 15.0.35116.124
MinimumVisualStudioVersion = 10.0.40219.1
Project("{FAE04EC0-301F-11D3-BF4B-00C04F79EFBC}") = "carregistersystem", "carregistersystem\carregistersystem.csproj", "{F9E21740-5A3E-43A8-98E5-FA185CFBE925}"
EndProject
Global
	GlobalSection(SolutionConfigurationPlatforms) = preSolution
		Debug|Any CPU = Debug|Any CPU
		Release|Any CPU = Release|Any CPU
	EndGlobalSection
	GlobalSection(ProjectConfigurationPlatforms) = postSolution
		{F9E21740-5A3E-43A8-98E5-FA185CFBE925}.Debug|Any CPU.ActiveCfg = Debug|Any CPU
		{F9E21740-5A3E-43A8-98E5-FA185CFBE925}.Debug|Any CPU.Build.0 = Debug|Any CPU
		{F9E21740-5A3E-43A8-98E5-FA185CFBE925}.Release|Any CPU.ActiveCfg = Release|Any CPU
		{F9E21740-5A3E-43A8-98E5-FA185CFBE925}.Release|Any CPU.Build.0 = Release|Any CPU
	EndGlobalSection
	GlobalSection(SolutionProperties) = preSolution
		HideSolutionNode = FALSE
	EndGlobalSection
	GlobalSection(ExtensibilityGlobals) = postSolution
		SolutionGuid = {359E1236-46B6-41D7-8AF9-E9EB706888C3}
	EndGlobalSection
EndGlobal
